
Microsoft Visual Studio Solution File, Format Version 12.00
# Visual Studio Version 17
VisualStudioVersion = 17.12.35527.113
MinimumVisualStudioVersion = 10.0.40219.1
Project("{2150E333-8FDC-42A3-9474-1A3956D46DE8}") = "Task0", "Task0", "{DD5A544B-9429-4AD3-AB89-5F631D7A9B73}"
EndProject
Project("{FAE04EC0-301F-11D3-BF4B-00C04F79EFBC}") = "Tyuiu.KhakimovDKh.Sprint4.Task0.V21", "Tyuiu.KhakimovDKh.Sprint4.Task0.V21\Tyuiu.KhakimovDKh.Sprint4.Task0.V21.csproj", "{31C0DB0B-3D2F-4FF3-BC90-4960E5178772}"
EndProject
Project("{FAE04EC0-301F-11D3-BF4B-00C04F79EFBC}") = "Tyuiu.KhakimovDKh.Sprint4.Task0.V21.Lib", "Tyuiu.KhakimovDKh.Sprint4.Task0.V21.Lib\Tyuiu.KhakimovDKh.Sprint4.Task0.V21.Lib.csproj", "{667FC4E2-0474-4CB7-A767-515244DE3AEA}"
EndProject
Project("{FAE04EC0-301F-11D3-BF4B-00C04F79EFBC}") = "Tyuiu.KhakimovDKh.Sprint0.Task4.V21.Test", "Tyuiu.KhakimovDKh.Sprint4.Task4.V21.Test\Tyuiu.KhakimovDKh.Sprint0.Task4.V21.Test.csproj", "{73B698E4-D796-4143-BD6C-5358A3594A46}"
EndProject
Project("{2150E333-8FDC-42A3-9474-1A3956D46DE8}") = "Task1", "Task1", "{3E1B92D1-D269-4BB0-97A9-846CFD4EF5DB}"
EndProject
Project("{FAE04EC0-301F-11D3-BF4B-00C04F79EFBC}") = "Tyuiu.KhakimovDKh.Sprint4.Task1.V4", "Tyuiu.KhakimovDKh.Sprint4.Task1.V4\Tyuiu.KhakimovDKh.Sprint4.Task1.V4.csproj", "{B3743F21-742F-48D4-A002-0896DE09E38D}"
EndProject
Project("{FAE04EC0-301F-11D3-BF4B-00C04F79EFBC}") = "Tyuiu.KhakimovDKh.Sprint4.Task1.V4.Test", "Tyuiu.KhakimovDKh.Sprint4.Task1.V4.Test\Tyuiu.KhakimovDKh.Sprint4.Task1.V4.Test.csproj", "{F357D9A8-4F04-47C1-ADDF-B3F87B4CA121}"
EndProject
Project("{FAE04EC0-301F-11D3-BF4B-00C04F79EFBC}") = "Tyuiu.KhakimovDKh.Sprint4.Task1.V4.Lib", "Tyuiu.KhakimovDKh.Sprint4.Task1.V4.Lib\Tyuiu.KhakimovDKh.Sprint4.Task1.V4.Lib.csproj", "{63EE1E2C-C66C-4718-85A2-BB8BAF7ED9D6}"
EndProject
Project("{2150E333-8FDC-42A3-9474-1A3956D46DE8}") = "Task2", "Task2", "{7E3DD14A-9BDB-4D1B-AAD3-6C1FDF8B71BB}"
EndProject
Project("{FAE04EC0-301F-11D3-BF4B-00C04F79EFBC}") = "Tyuiu.KhakimovDKh.Sprint4.Task2.V9.Test", "Tyuiu.KhakimovDKh.Sprint4.Task2.V9.Test\Tyuiu.KhakimovDKh.Sprint4.Task2.V9.Test.csproj", "{1C6DB504-A6BF-4446-A9D2-54629E4EBA2E}"
EndProject
Project("{FAE04EC0-301F-11D3-BF4B-00C04F79EFBC}") = "Tyuiu.KhakimovDKh.Sprint4.Task2.V9.Lib", "Tyuiu.KhakimovDKh.Sprint4.Task2.V9.Lib\Tyuiu.KhakimovDKh.Sprint4.Task2.V9.Lib.csproj", "{E0F4FEE9-58E5-497D-88DB-0AE2513A58FE}"
EndProject
Project("{FAE04EC0-301F-11D3-BF4B-00C04F79EFBC}") = "Tyuiu.KhakimovDKh.Sprint4.Task2.V9", "Tyuiu.KhakimovDKh.Sprint4.Task2.V9\Tyuiu.KhakimovDKh.Sprint4.Task2.V9.csproj", "{D2C8CEE1-C385-47F6-8C9E-B24E8B07C2FD}"
EndProject
Project("{2150E333-8FDC-42A3-9474-1A3956D46DE8}") = "Task3", "Task3", "{C3F1D328-07E1-4F34-AB5E-9F1D9268F2F9}"
EndProject
Project("{FAE04EC0-301F-11D3-BF4B-00C04F79EFBC}") = "Tyuiu.KhakimovDKh.Sprint4.Task3.V1", "Tyuiu.KhakimovDKh.Sprint4.Task3.V1\Tyuiu.KhakimovDKh.Sprint4.Task3.V1.csproj", "{6219E821-F092-446B-BCA9-DF7D93957F63}"
EndProject
Project("{FAE04EC0-301F-11D3-BF4B-00C04F79EFBC}") = "Tyuiu.KhakimovDKh.Sprint4.Task3.V1.Lib", "Tyuiu.KhakimovDKh.Sprint4.Task3.V1.Lib\Tyuiu.KhakimovDKh.Sprint4.Task3.V1.Lib.csproj", "{9DBAC1B9-CA0F-4A11-BE3A-A4279371DEFB}"
EndProject
Project("{FAE04EC0-301F-11D3-BF4B-00C04F79EFBC}") = "Tyuiu.KhakimovDKh.Sprint4.Task3.V1.Test", "Tyuiu.KhakimovDKh.Sprint4.Task3.V1.Test\Tyuiu.KhakimovDKh.Sprint4.Task3.V1.Test.csproj", "{C722D4B0-1306-4804-AFDA-D114B9E93562}"
EndProject
Project("{2150E333-8FDC-42A3-9474-1A3956D46DE8}") = "Task4", "Task4", "{98E7D8CB-2F1B-40A6-A943-55B0448C2FEC}"
EndProject
Project("{FAE04EC0-301F-11D3-BF4B-00C04F79EFBC}") = "Tyuiu.KhakimovDKh.Sprint4.Task4.V1", "Tyuiu.KhakimovDKh.Sprint4.Task4.V1\Tyuiu.KhakimovDKh.Sprint4.Task4.V1.csproj", "{0F904B1F-5495-479A-9B17-CCAAE80BB9AC}"
EndProject
Project("{FAE04EC0-301F-11D3-BF4B-00C04F79EFBC}") = "Tyuiu.KhakimovDKh.Sprint4.Task4.V1.Lib", "Tyuiu.KhakimovDKh.Sprint4.Task4.V1.Lib\Tyuiu.KhakimovDKh.Sprint4.Task4.V1.Lib.csproj", "{E28B00DF-BE3A-4890-8AFC-FA8D64C4F942}"
EndProject
Project("{FAE04EC0-301F-11D3-BF4B-00C04F79EFBC}") = "Tyuiu.KhakimovDKh.Sprint4.Task4.V1.Test", "Tyuiu.KhakimovDKh.Sprint4.Task4.V1.Test\Tyuiu.KhakimovDKh.Sprint4.Task4.V1.Test.csproj", "{31DAFC12-DD18-4F16-9BE0-680CE06641CA}"
EndProject
Project("{2150E333-8FDC-42A3-9474-1A3956D46DE8}") = "Task5", "Task5", "{56972EBB-4D51-4292-A11B-2C7A005C75C3}"
EndProject
Project("{FAE04EC0-301F-11D3-BF4B-00C04F79EFBC}") = "Tyuiu.KhakimovDKh.Sprint4.Task5.V30.Test", "Tyuiu.KhakimovDKh.Sprint4.Task5.V30.Test\Tyuiu.KhakimovDKh.Sprint4.Task5.V30.Test.csproj", "{4EFE8B13-BF34-4791-BEF3-BCC74E95027B}"
EndProject
Project("{FAE04EC0-301F-11D3-BF4B-00C04F79EFBC}") = "Tyuiu.KhakimovDKh.Sprint4.Task5.V30.Lib", "Tyuiu.KhakimovDKh.Sprint4.Task5.V30.Lib\Tyuiu.KhakimovDKh.Sprint4.Task5.V30.Lib.csproj", "{89377FED-80F6-4835-98D0-510EFFA418AE}"
EndProject
Project("{FAE04EC0-301F-11D3-BF4B-00C04F79EFBC}") = "Tyuiu.KhakimovDKh.Sprint4.Task5.V30", "Tyuiu.KhakimovDKh.Sprint4.Task5.V30\Tyuiu.KhakimovDKh.Sprint4.Task5.V30.csproj", "{E40A5DB7-9C6F-4B73-A7DF-DFF4665E5F3A}"
EndProject
Project("{2150E333-8FDC-42A3-9474-1A3956D46DE8}") = "Task6", "Task6", "{5ABF5381-BF24-40F2-9FDF-6C28CA914171}"
EndProject
Project("{FAE04EC0-301F-11D3-BF4B-00C04F79EFBC}") = "Tyuiu.KhakimovDKh.Sprint4.Task6.V30.Lib", "Tyuiu.KhakimovDKh.Sprint4.Task6.V30.Lib\Tyuiu.KhakimovDKh.Sprint4.Task6.V30.Lib.csproj", "{C1FE9469-E578-403F-A91A-A9F6523CD4DA}"
EndProject
Project("{FAE04EC0-301F-11D3-BF4B-00C04F79EFBC}") = "Tyuiu.KhakimovDKh.Sprint4.Task6.V30", "Tyuiu.KhakimovDKh.Sprint4.Task6.V30\Tyuiu.KhakimovDKh.Sprint4.Task6.V30.csproj", "{7C049E4E-A401-408D-8461-B2D0D5FFFF12}"
EndProject
Project("{FAE04EC0-301F-11D3-BF4B-00C04F79EFBC}") = "Tyuiu.KhakimovDKh.Sprint4.Task6.V30.Test", "Tyuiu.KhakimovDKh.Sprint4.Task6.V30.Test\Tyuiu.KhakimovDKh.Sprint4.Task6.V30.Test.csproj", "{A740FDCF-12E3-48EB-981F-752CEEDF5253}"
EndProject
Global
	GlobalSection(SolutionConfigurationPlatforms) = preSolution
		Debug|Any CPU = Debug|Any CPU
		Release|Any CPU = Release|Any CPU
	EndGlobalSection
	GlobalSection(ProjectConfigurationPlatforms) = postSolution
		{31C0DB0B-3D2F-4FF3-BC90-4960E5178772}.Debug|Any CPU.ActiveCfg = Debug|Any CPU
		{31C0DB0B-3D2F-4FF3-BC90-4960E5178772}.Debug|Any CPU.Build.0 = Debug|Any CPU
		{31C0DB0B-3D2F-4FF3-BC90-4960E5178772}.Release|Any CPU.ActiveCfg = Release|Any CPU
		{31C0DB0B-3D2F-4FF3-BC90-4960E5178772}.Release|Any CPU.Build.0 = Release|Any CPU
		{667FC4E2-0474-4CB7-A767-515244DE3AEA}.Debug|Any CPU.ActiveCfg = Debug|Any CPU
		{667FC4E2-0474-4CB7-A767-515244DE3AEA}.Debug|Any CPU.Build.0 = Debug|Any CPU
		{667FC4E2-0474-4CB7-A767-515244DE3AEA}.Release|Any CPU.ActiveCfg = Release|Any CPU
		{667FC4E2-0474-4CB7-A767-515244DE3AEA}.Release|Any CPU.Build.0 = Release|Any CPU
		{73B698E4-D796-4143-BD6C-5358A3594A46}.Debug|Any CPU.ActiveCfg = Debug|Any CPU
		{73B698E4-D796-4143-BD6C-5358A3594A46}.Debug|Any CPU.Build.0 = Debug|Any CPU
		{73B698E4-D796-4143-BD6C-5358A3594A46}.Release|Any CPU.ActiveCfg = Release|Any CPU
		{73B698E4-D796-4143-BD6C-5358A3594A46}.Release|Any CPU.Build.0 = Release|Any CPU
		{B3743F21-742F-48D4-A002-0896DE09E38D}.Debug|Any CPU.ActiveCfg = Debug|Any CPU
		{B3743F21-742F-48D4-A002-0896DE09E38D}.Debug|Any CPU.Build.0 = Debug|Any CPU
		{B3743F21-742F-48D4-A002-0896DE09E38D}.Release|Any CPU.ActiveCfg = Release|Any CPU
		{B3743F21-742F-48D4-A002-0896DE09E38D}.Release|Any CPU.Build.0 = Release|Any CPU
		{F357D9A8-4F04-47C1-ADDF-B3F87B4CA121}.Debug|Any CPU.ActiveCfg = Debug|Any CPU
		{F357D9A8-4F04-47C1-ADDF-B3F87B4CA121}.Debug|Any CPU.Build.0 = Debug|Any CPU
		{F357D9A8-4F04-47C1-ADDF-B3F87B4CA121}.Release|Any CPU.ActiveCfg = Release|Any CPU
		{F357D9A8-4F04-47C1-ADDF-B3F87B4CA121}.Release|Any CPU.Build.0 = Release|Any CPU
		{63EE1E2C-C66C-4718-85A2-BB8BAF7ED9D6}.Debug|Any CPU.ActiveCfg = Debug|Any CPU
		{63EE1E2C-C66C-4718-85A2-BB8BAF7ED9D6}.Debug|Any CPU.Build.0 = Debug|Any CPU
		{63EE1E2C-C66C-4718-85A2-BB8BAF7ED9D6}.Release|Any CPU.ActiveCfg = Release|Any CPU
		{63EE1E2C-C66C-4718-85A2-BB8BAF7ED9D6}.Release|Any CPU.Build.0 = Release|Any CPU
		{1C6DB504-A6BF-4446-A9D2-54629E4EBA2E}.Debug|Any CPU.ActiveCfg = Debug|Any CPU
		{1C6DB504-A6BF-4446-A9D2-54629E4EBA2E}.Debug|Any CPU.Build.0 = Debug|Any CPU
		{1C6DB504-A6BF-4446-A9D2-54629E4EBA2E}.Release|Any CPU.ActiveCfg = Release|Any CPU
		{1C6DB504-A6BF-4446-A9D2-54629E4EBA2E}.Release|Any CPU.Build.0 = Release|Any CPU
		{E0F4FEE9-58E5-497D-88DB-0AE2513A58FE}.Debug|Any CPU.ActiveCfg = Debug|Any CPU
		{E0F4FEE9-58E5-497D-88DB-0AE2513A58FE}.Debug|Any CPU.Build.0 = Debug|Any CPU
		{E0F4FEE9-58E5-497D-88DB-0AE2513A58FE}.Release|Any CPU.ActiveCfg = Release|Any CPU
		{E0F4FEE9-58E5-497D-88DB-0AE2513A58FE}.Release|Any CPU.Build.0 = Release|Any CPU
		{D2C8CEE1-C385-47F6-8C9E-B24E8B07C2FD}.Debug|Any CPU.ActiveCfg = Debug|Any CPU
		{D2C8CEE1-C385-47F6-8C9E-B24E8B07C2FD}.Debug|Any CPU.Build.0 = Debug|Any CPU
		{D2C8CEE1-C385-47F6-8C9E-B24E8B07C2FD}.Release|Any CPU.ActiveCfg = Release|Any CPU
		{D2C8CEE1-C385-47F6-8C9E-B24E8B07C2FD}.Release|Any CPU.Build.0 = Release|Any CPU
		{6219E821-F092-446B-BCA9-DF7D93957F63}.Debug|Any CPU.ActiveCfg = Debug|Any CPU
		{6219E821-F092-446B-BCA9-DF7D93957F63}.Debug|Any CPU.Build.0 = Debug|Any CPU
		{6219E821-F092-446B-BCA9-DF7D93957F63}.Release|Any CPU.ActiveCfg = Release|Any CPU
		{6219E821-F092-446B-BCA9-DF7D93957F63}.Release|Any CPU.Build.0 = Release|Any CPU
		{9DBAC1B9-CA0F-4A11-BE3A-A4279371DEFB}.Debug|Any CPU.ActiveCfg = Debug|Any CPU
		{9DBAC1B9-CA0F-4A11-BE3A-A4279371DEFB}.Debug|Any CPU.Build.0 = Debug|Any CPU
		{9DBAC1B9-CA0F-4A11-BE3A-A4279371DEFB}.Release|Any CPU.ActiveCfg = Release|Any CPU
		{9DBAC1B9-CA0F-4A11-BE3A-A4279371DEFB}.Release|Any CPU.Build.0 = Release|Any CPU
		{C722D4B0-1306-4804-AFDA-D114B9E93562}.Debug|Any CPU.ActiveCfg = Debug|Any CPU
		{C722D4B0-1306-4804-AFDA-D114B9E93562}.Debug|Any CPU.Build.0 = Debug|Any CPU
		{C722D4B0-1306-4804-AFDA-D114B9E93562}.Release|Any CPU.ActiveCfg = Release|Any CPU
		{C722D4B0-1306-4804-AFDA-D114B9E93562}.Release|Any CPU.Build.0 = Release|Any CPU
		{0F904B1F-5495-479A-9B17-CCAAE80BB9AC}.Debug|Any CPU.ActiveCfg = Debug|Any CPU
		{0F904B1F-5495-479A-9B17-CCAAE80BB9AC}.Debug|Any CPU.Build.0 = Debug|Any CPU
		{0F904B1F-5495-479A-9B17-CCAAE80BB9AC}.Release|Any CPU.ActiveCfg = Release|Any CPU
		{0F904B1F-5495-479A-9B17-CCAAE80BB9AC}.Release|Any CPU.Build.0 = Release|Any CPU
		{E28B00DF-BE3A-4890-8AFC-FA8D64C4F942}.Debug|Any CPU.ActiveCfg = Debug|Any CPU
		{E28B00DF-BE3A-4890-8AFC-FA8D64C4F942}.Debug|Any CPU.Build.0 = Debug|Any CPU
		{E28B00DF-BE3A-4890-8AFC-FA8D64C4F942}.Release|Any CPU.ActiveCfg = Release|Any CPU
		{E28B00DF-BE3A-4890-8AFC-FA8D64C4F942}.Release|Any CPU.Build.0 = Release|Any CPU
		{31DAFC12-DD18-4F16-9BE0-680CE06641CA}.Debug|Any CPU.ActiveCfg = Debug|Any CPU
		{31DAFC12-DD18-4F16-9BE0-680CE06641CA}.Debug|Any CPU.Build.0 = Debug|Any CPU
		{31DAFC12-DD18-4F16-9BE0-680CE06641CA}.Release|Any CPU.ActiveCfg = Release|Any CPU
		{31DAFC12-DD18-4F16-9BE0-680CE06641CA}.Release|Any CPU.Build.0 = Release|Any CPU
		{4EFE8B13-BF34-4791-BEF3-BCC74E95027B}.Debug|Any CPU.ActiveCfg = Debug|Any CPU
		{4EFE8B13-BF34-4791-BEF3-BCC74E95027B}.Debug|Any CPU.Build.0 = Debug|Any CPU
		{4EFE8B13-BF34-4791-BEF3-BCC74E95027B}.Release|Any CPU.ActiveCfg = Release|Any CPU
		{4EFE8B13-BF34-4791-BEF3-BCC74E95027B}.Release|Any CPU.Build.0 = Release|Any CPU
		{89377FED-80F6-4835-98D0-510EFFA418AE}.Debug|Any CPU.ActiveCfg = Debug|Any CPU
		{89377FED-80F6-4835-98D0-510EFFA418AE}.Debug|Any CPU.Build.0 = Debug|Any CPU
		{89377FED-80F6-4835-98D0-510EFFA418AE}.Release|Any CPU.ActiveCfg = Release|Any CPU
		{89377FED-80F6-4835-98D0-510EFFA418AE}.Release|Any CPU.Build.0 = Release|Any CPU
		{E40A5DB7-9C6F-4B73-A7DF-DFF4665E5F3A}.Debug|Any CPU.ActiveCfg = Debug|Any CPU
		{E40A5DB7-9C6F-4B73-A7DF-DFF4665E5F3A}.Debug|Any CPU.Build.0 = Debug|Any CPU
		{E40A5DB7-9C6F-4B73-A7DF-DFF4665E5F3A}.Release|Any CPU.ActiveCfg = Release|Any CPU
		{E40A5DB7-9C6F-4B73-A7DF-DFF4665E5F3A}.Release|Any CPU.Build.0 = Release|Any CPU
		{C1FE9469-E578-403F-A91A-A9F6523CD4DA}.Debug|Any CPU.ActiveCfg = Debug|Any CPU
		{C1FE9469-E578-403F-A91A-A9F6523CD4DA}.Debug|Any CPU.Build.0 = Debug|Any CPU
		{C1FE9469-E578-403F-A91A-A9F6523CD4DA}.Release|Any CPU.ActiveCfg = Release|Any CPU
		{C1FE9469-E578-403F-A91A-A9F6523CD4DA}.Release|Any CPU.Build.0 = Release|Any CPU
		{7C049E4E-A401-408D-8461-B2D0D5FFFF12}.Debug|Any CPU.ActiveCfg = Debug|Any CPU
		{7C049E4E-A401-408D-8461-B2D0D5FFFF12}.Debug|Any CPU.Build.0 = Debug|Any CPU
		{7C049E4E-A401-408D-8461-B2D0D5FFFF12}.Release|Any CPU.ActiveCfg = Release|Any CPU
		{7C049E4E-A401-408D-8461-B2D0D5FFFF12}.Release|Any CPU.Build.0 = Release|Any CPU
		{A740FDCF-12E3-48EB-981F-752CEEDF5253}.Debug|Any CPU.ActiveCfg = Debug|Any CPU
		{A740FDCF-12E3-48EB-981F-752CEEDF5253}.Debug|Any CPU.Build.0 = Debug|Any CPU
		{A740FDCF-12E3-48EB-981F-752CEEDF5253}.Release|Any CPU.ActiveCfg = Release|Any CPU
		{A740FDCF-12E3-48EB-981F-752CEEDF5253}.Release|Any CPU.Build.0 = Release|Any CPU
	EndGlobalSection
	GlobalSection(SolutionProperties) = preSolution
		HideSolutionNode = FALSE
	EndGlobalSection
	GlobalSection(NestedProjects) = preSolution
		{31C0DB0B-3D2F-4FF3-BC90-4960E5178772} = {DD5A544B-9429-4AD3-AB89-5F631D7A9B73}
		{667FC4E2-0474-4CB7-A767-515244DE3AEA} = {DD5A544B-9429-4AD3-AB89-5F631D7A9B73}
		{73B698E4-D796-4143-BD6C-5358A3594A46} = {DD5A544B-9429-4AD3-AB89-5F631D7A9B73}
		{B3743F21-742F-48D4-A002-0896DE09E38D} = {3E1B92D1-D269-4BB0-97A9-846CFD4EF5DB}
		{F357D9A8-4F04-47C1-ADDF-B3F87B4CA121} = {3E1B92D1-D269-4BB0-97A9-846CFD4EF5DB}
		{63EE1E2C-C66C-4718-85A2-BB8BAF7ED9D6} = {3E1B92D1-D269-4BB0-97A9-846CFD4EF5DB}
		{1C6DB504-A6BF-4446-A9D2-54629E4EBA2E} = {7E3DD14A-9BDB-4D1B-AAD3-6C1FDF8B71BB}
		{E0F4FEE9-58E5-497D-88DB-0AE2513A58FE} = {7E3DD14A-9BDB-4D1B-AAD3-6C1FDF8B71BB}
		{D2C8CEE1-C385-47F6-8C9E-B24E8B07C2FD} = {7E3DD14A-9BDB-4D1B-AAD3-6C1FDF8B71BB}
		{6219E821-F092-446B-BCA9-DF7D93957F63} = {C3F1D328-07E1-4F34-AB5E-9F1D9268F2F9}
		{9DBAC1B9-CA0F-4A11-BE3A-A4279371DEFB} = {C3F1D328-07E1-4F34-AB5E-9F1D9268F2F9}
		{C722D4B0-1306-4804-AFDA-D114B9E93562} = {C3F1D328-07E1-4F34-AB5E-9F1D9268F2F9}
		{0F904B1F-5495-479A-9B17-CCAAE80BB9AC} = {98E7D8CB-2F1B-40A6-A943-55B0448C2FEC}
		{E28B00DF-BE3A-4890-8AFC-FA8D64C4F942} = {98E7D8CB-2F1B-40A6-A943-55B0448C2FEC}
		{31DAFC12-DD18-4F16-9BE0-680CE06641CA} = {98E7D8CB-2F1B-40A6-A943-55B0448C2FEC}
		{4EFE8B13-BF34-4791-BEF3-BCC74E95027B} = {56972EBB-4D51-4292-A11B-2C7A005C75C3}
		{89377FED-80F6-4835-98D0-510EFFA418AE} = {56972EBB-4D51-4292-A11B-2C7A005C75C3}
		{E40A5DB7-9C6F-4B73-A7DF-DFF4665E5F3A} = {56972EBB-4D51-4292-A11B-2C7A005C75C3}
		{C1FE9469-E578-403F-A91A-A9F6523CD4DA} = {5ABF5381-BF24-40F2-9FDF-6C28CA914171}
		{7C049E4E-A401-408D-8461-B2D0D5FFFF12} = {5ABF5381-BF24-40F2-9FDF-6C28CA914171}
		{A740FDCF-12E3-48EB-981F-752CEEDF5253} = {5ABF5381-BF24-40F2-9FDF-6C28CA914171}
	EndGlobalSection
EndGlobal
